<?xml version="1.0" encoding="utf-8"?>
<Project ToolsVersion="4.0" xmlns="http://schemas.microsoft.com/developer/msbuild/2003">
  <ItemGroup>
    <Filter Include="Source Files">
      <UniqueIdentifier>{4FC737F1-C7A5-4376-A066-2A32D752A2FF}</UniqueIdentifier>
      <Extensions>cpp;c;cc;cxx;def;odl;idl;hpj;bat;asm;asmx</Extensions>
    </Filter>
    <Filter Include="Header Files">
      <UniqueIdentifier>{93995380-89BD-4b04-88EB-625FBE52EBFB}</UniqueIdentifier>
      <Extensions>h;hh;hpp;hxx;hm;inl;inc;ipp;xsd</Extensions>
    </Filter>
    <Filter Include="Resource Files">
      <UniqueIdentifier>{67DA6AB6-F800-4c08-8B7A-83BB121AAD01}</UniqueIdentifier>
      <Extensions>rc;ico;cur;bmp;dlg;rc2;rct;bin;rgs;gif;jpg;jpeg;jpe;resx;tiff;tif;png;wav;mfcribbon-ms</Extensions>
    </Filter>
  </ItemGroup>
  <ItemGroup>
    <ClInclude Include="AudioManager.h">
      <Filter>Header Files</Filter>
    </ClInclude>
    <ClInclude Include="Button.h">
      <Filter>Header Files</Filter>
    </ClInclude>
    <ClInclude Include="Cat.h">
      <Filter>Header Files</Filter>
    </ClInclude>
    <ClInclude Include="CommonIncludes.h">
      <Filter>Header Files</Filter>
    </ClInclude>
    <ClInclude Include="Game.h">
      <Filter>Header Files</Filter>
    </ClInclude>
    <ClInclude Include="Game_Manager.h">
      <Filter>Header Files</Filter>
    </ClInclude>
    <ClInclude Include="Input_Manager.h">
      <Filter>Header Files</Filter>
    </ClInclude>
    <ClInclude Include="Level.h">
      <Filter>Header Files</Filter>
    </ClInclude>
    <ClInclude Include="Player.h">
      <Filter>Header Files</Filter>
    </ClInclude>
    <ClInclude Include="PowerUp.h">
      <Filter>Header Files</Filter>
    </ClInclude>
    <ClInclude Include="SDL_Manager.h">
      <Filter>Header Files</Filter>
    </ClInclude>
    <ClInclude Include="Sprite.h">
      <Filter>Header Files</Filter>
    </ClInclude>
    <ClInclude Include="TextureManager.h">
      <Filter>Header Files</Filter>
    </ClInclude>
    <ClInclude Include="Tile.h">
      <Filter>Header Files</Filter>
    </ClInclude>
    <ClInclude Include="UI_GameOver.h">
      <Filter>Header Files</Filter>
    </ClInclude>
    <ClInclude Include="UI_HowToPlay.h">
      <Filter>Header Files</Filter>
    </ClInclude>
    <ClInclude Include="UI_Levels.h">
      <Filter>Header Files</Filter>
    </ClInclude>
    <ClInclude Include="UI_MainMenu.h">
      <Filter>Header Files</Filter>
    </ClInclude>
    <ClInclude Include="UI_Manager.h">
      <Filter>Header Files</Filter>
    </ClInclude>
    <ClInclude Include="UI_Menu.h">
      <Filter>Header Files</Filter>
    </ClInclude>
    <ClInclude Include="UI_Scores.h">
      <Filter>Header Files</Filter>
    </ClInclude>
  </ItemGroup>
  <ItemGroup>
    <ClCompile Include="AudioManager.cpp">
      <Filter>Source Files</Filter>
    </ClCompile>
    <ClCompile Include="Button.cpp">
      <Filter>Source Files</Filter>
    </ClCompile>
    <ClCompile Include="Cat.cpp">
      <Filter>Source Files</Filter>
    </ClCompile>
    <ClCompile Include="Game.cpp">
      <Filter>Source Files</Filter>
    </ClCompile>
    <ClCompile Include="Game_Manager.cpp">
      <Filter>Source Files</Filter>
    </ClCompile>
    <ClCompile Include="Input_Manager.cpp">
      <Filter>Source Files</Filter>
    </ClCompile>
    <ClCompile Include="main.cpp">
      <Filter>Source Files</Filter>
    </ClCompile>
    <ClCompile Include="Player.cpp">
      <Filter>Source Files</Filter>
    </ClCompile>
    <ClCompile Include="PowerUp.cpp">
      <Filter>Source Files</Filter>
    </ClCompile>
    <ClCompile Include="SDL_Manager.cpp">
      <Filter>Source Files</Filter>
    </ClCompile>
    <ClCompile Include="Sprite.cpp">
      <Filter>Source Files</Filter>
    </ClCompile>
    <ClCompile Include="TextureManager.cpp">
      <Filter>Source Files</Filter>
    </ClCompile>
    <ClCompile Include="Tile.cpp">
      <Filter>Source Files</Filter>
    </ClCompile>
    <ClCompile Include="UI_GameOver.cpp">
      <Filter>Source Files</Filter>
    </ClCompile>
    <ClCompile Include="UI_HowToPlay.cpp">
      <Filter>Source Files</Filter>
    </ClCompile>
    <ClCompile Include="UI_Levels.cpp">
      <Filter>Source Files</Filter>
    </ClCompile>
    <ClCompile Include="UI_MainMenu.cpp">
      <Filter>Source Files</Filter>
    </ClCompile>
    <ClCompile Include="UI_Manager.cpp">
      <Filter>Source Files</Filter>
    </ClCompile>
    <ClCompile Include="UI_Menu.cpp">
      <Filter>Source Files</Filter>
    </ClCompile>
    <ClCompile Include="UI_Scores.cpp">
      <Filter>Source Files</Filter>
    </ClCompile>
  </ItemGroup>
  <ItemGroup>
    <Text Include="Assets\bg.txt">
      <Filter>Resource Files</Filter>
    </Text>
    <Text Include="Assets\highscores.txt">
      <Filter>Resource Files</Filter>
    </Text>
    <Text Include="Assets\Level0.txt">
      <Filter>Resource Files</Filter>
    </Text>
    <Text Include="Assets\Level0Map.txt">
      <Filter>Resource Files</Filter>
    </Text>
    <Text Include="Assets\Level0Variables.txt">
      <Filter>Resource Files</Filter>
    </Text>
    <Text Include="Assets\Level1Map.txt">
      <Filter>Resource Files</Filter>
    </Text>
    <Text Include="Assets\Level1Variables.txt">
      <Filter>Resource Files</Filter>
    </Text>
    <Text Include="Assets\Level2Map.txt">
      <Filter>Resource Files</Filter>
    </Text>
    <Text Include="Assets\Level2Variables.txt">
      <Filter>Resource Files</Filter>
    </Text>
    <Text Include="Assets\Level3Map.txt">
      <Filter>Resource Files</Filter>
    </Text>
    <Text Include="Assets\Level3Variables.txt">
      <Filter>Resource Files</Filter>
    </Text>
    <Text Include="Assets\Level4Map.txt">
      <Filter>Resource Files</Filter>
    </Text>
    <Text Include="Assets\Level4Variables.txt">
      <Filter>Resource Files</Filter>
    </Text>
    <Text Include="Assets\Level5Map.txt">
      <Filter>Resource Files</Filter>
    </Text>
    <Text Include="Assets\Level5Variables.txt">
      <Filter>Resource Files</Filter>
    </Text>
  </ItemGroup>
  <ItemGroup>
    <Image Include="Assets\textures\mouse icon.png">
      <Filter>Resource Files</Filter>
    </Image>
  </ItemGroup>
</Project>